{
  "name": "basic-exec",
  "lockfileVersion": 3,
  "requires": true,
  "packages": {
    "": {
      "name": "basic-exec",
      "dependencies": {
        "@submodule/core": "^1.1.1",
        "tsx": "^3.12.7"
      },
      "devDependencies": {
        "@types/node": "^18.16.3"
      }
    },
    "node_modules/@esbuild-kit/cjs-loader": {
      "version": "2.4.2",
      "license": "MIT",
      "dependencies": {
        "@esbuild-kit/core-utils": "^3.0.0",
        "get-tsconfig": "^4.4.0"
      }
    },
    "node_modules/@esbuild-kit/core-utils": {
      "version": "3.1.0",
      "license": "MIT",
      "dependencies": {
        "esbuild": "~0.17.6",
        "source-map-support": "^0.5.21"
      }
    },
    "node_modules/@esbuild-kit/esm-loader": {
      "version": "2.5.5",
      "license": "MIT",
      "dependencies": {
        "@esbuild-kit/core-utils": "^3.0.0",
        "get-tsconfig": "^4.4.0"
      }
    },
    "node_modules/@esbuild/linux-x64": {
      "version": "0.17.18",
      "cpu": [
        "x64"
      ],
      "license": "MIT",
      "optional": true,
      "os": [
        "linux"
      ],
      "engines": {
        "node": ">=12"
      }
    },
    "node_modules/@opentelemetry/api": {
      "version": "1.3.0",
      "license": "Apache-2.0",
      "engines": {
        "node": ">=8.0.0"
      }
    },
    "node_modules/@opentelemetry/context-async-hooks": {
      "version": "1.12.0",
      "license": "Apache-2.0",
      "engines": {
        "node": ">=14"
      },
      "peerDependencies": {
        "@opentelemetry/api": ">=1.0.0 <1.5.0"
      }
    },
    "node_modules/@opentelemetry/core": {
      "version": "1.8.0",
      "license": "Apache-2.0",
      "dependencies": {
        "@opentelemetry/semantic-conventions": "1.8.0"
      },
      "engines": {
        "node": ">=14"
      },
      "peerDependencies": {
        "@opentelemetry/api": ">=1.0.0 <1.4.0"
      }
    },
    "node_modules/@opentelemetry/core/node_modules/@opentelemetry/semantic-conventions": {
      "version": "1.8.0",
      "license": "Apache-2.0",
      "engines": {
        "node": ">=14"
      }
    },
    "node_modules/@opentelemetry/exporter-trace-otlp-http": {
      "version": "0.34.0",
      "license": "Apache-2.0",
      "dependencies": {
        "@opentelemetry/core": "1.8.0",
        "@opentelemetry/otlp-exporter-base": "0.34.0",
        "@opentelemetry/otlp-transformer": "0.34.0",
        "@opentelemetry/resources": "1.8.0",
        "@opentelemetry/sdk-trace-base": "1.8.0"
      },
      "engines": {
        "node": ">=14"
      },
      "peerDependencies": {
        "@opentelemetry/api": "^1.0.0"
      }
    },
    "node_modules/@opentelemetry/otlp-exporter-base": {
      "version": "0.34.0",
      "license": "Apache-2.0",
      "dependencies": {
        "@opentelemetry/core": "1.8.0"
      },
      "engines": {
        "node": ">=14"
      },
      "peerDependencies": {
        "@opentelemetry/api": "^1.0.0"
      }
    },
    "node_modules/@opentelemetry/otlp-transformer": {
      "version": "0.34.0",
      "license": "Apache-2.0",
      "dependencies": {
        "@opentelemetry/core": "1.8.0",
        "@opentelemetry/resources": "1.8.0",
        "@opentelemetry/sdk-metrics": "1.8.0",
        "@opentelemetry/sdk-trace-base": "1.8.0"
      },
      "engines": {
        "node": ">=14"
      },
      "peerDependencies": {
        "@opentelemetry/api": ">=1.3.0 <1.4.0"
      }
    },
    "node_modules/@opentelemetry/propagator-b3": {
      "version": "1.12.0",
      "license": "Apache-2.0",
      "dependencies": {
        "@opentelemetry/core": "1.12.0"
      },
      "engines": {
        "node": ">=14"
      },
      "peerDependencies": {
        "@opentelemetry/api": ">=1.0.0 <1.5.0"
      }
    },
    "node_modules/@opentelemetry/propagator-b3/node_modules/@opentelemetry/core": {
      "version": "1.12.0",
      "license": "Apache-2.0",
      "dependencies": {
        "@opentelemetry/semantic-conventions": "1.12.0"
      },
      "engines": {
        "node": ">=14"
      },
      "peerDependencies": {
        "@opentelemetry/api": ">=1.0.0 <1.5.0"
      }
    },
    "node_modules/@opentelemetry/propagator-jaeger": {
      "version": "1.12.0",
      "license": "Apache-2.0",
      "dependencies": {
        "@opentelemetry/core": "1.12.0"
      },
      "engines": {
        "node": ">=14"
      },
      "peerDependencies": {
        "@opentelemetry/api": ">=1.0.0 <1.5.0"
      }
    },
    "node_modules/@opentelemetry/propagator-jaeger/node_modules/@opentelemetry/core": {
      "version": "1.12.0",
      "license": "Apache-2.0",
      "dependencies": {
        "@opentelemetry/semantic-conventions": "1.12.0"
      },
      "engines": {
        "node": ">=14"
      },
      "peerDependencies": {
        "@opentelemetry/api": ">=1.0.0 <1.5.0"
      }
    },
    "node_modules/@opentelemetry/resource-detector-docker": {
      "version": "0.1.2",
      "license": "Apache-2.0",
      "dependencies": {
        "@opentelemetry/resources": "^1.0.0",
        "@opentelemetry/semantic-conventions": "^1.0.0"
      },
      "engines": {
        "node": ">=8.12.0"
      },
      "peerDependencies": {
        "@opentelemetry/api": "^1.0.0"
      }
    },
    "node_modules/@opentelemetry/resource-detector-docker/node_modules/@opentelemetry/core": {
      "version": "1.12.0",
      "license": "Apache-2.0",
      "dependencies": {
        "@opentelemetry/semantic-conventions": "1.12.0"
      },
      "engines": {
        "node": ">=14"
      },
      "peerDependencies": {
        "@opentelemetry/api": ">=1.0.0 <1.5.0"
      }
    },
    "node_modules/@opentelemetry/resource-detector-docker/node_modules/@opentelemetry/resources": {
      "version": "1.12.0",
      "license": "Apache-2.0",
      "dependencies": {
        "@opentelemetry/core": "1.12.0",
        "@opentelemetry/semantic-conventions": "1.12.0"
      },
      "engines": {
        "node": ">=14"
      },
      "peerDependencies": {
        "@opentelemetry/api": ">=1.0.0 <1.5.0"
      }
    },
    "node_modules/@opentelemetry/resources": {
      "version": "1.8.0",
      "license": "Apache-2.0",
      "dependencies": {
        "@opentelemetry/core": "1.8.0",
        "@opentelemetry/semantic-conventions": "1.8.0"
      },
      "engines": {
        "node": ">=14"
      },
      "peerDependencies": {
        "@opentelemetry/api": ">=1.0.0 <1.4.0"
      }
    },
    "node_modules/@opentelemetry/resources/node_modules/@opentelemetry/semantic-conventions": {
      "version": "1.8.0",
      "license": "Apache-2.0",
      "engines": {
        "node": ">=14"
      }
    },
    "node_modules/@opentelemetry/sdk-metrics": {
      "version": "1.8.0",
      "license": "Apache-2.0",
      "dependencies": {
        "@opentelemetry/core": "1.8.0",
        "@opentelemetry/resources": "1.8.0",
        "lodash.merge": "4.6.2"
      },
      "engines": {
        "node": ">=14"
      },
      "peerDependencies": {
        "@opentelemetry/api": ">=1.3.0 <1.4.0"
      }
    },
    "node_modules/@opentelemetry/sdk-trace-base": {
      "version": "1.8.0",
      "license": "Apache-2.0",
      "dependencies": {
        "@opentelemetry/core": "1.8.0",
        "@opentelemetry/resources": "1.8.0",
        "@opentelemetry/semantic-conventions": "1.8.0"
      },
      "engines": {
        "node": ">=14"
      },
      "peerDependencies": {
        "@opentelemetry/api": ">=1.0.0 <1.4.0"
      }
    },
    "node_modules/@opentelemetry/sdk-trace-base/node_modules/@opentelemetry/semantic-conventions": {
      "version": "1.8.0",
      "license": "Apache-2.0",
      "engines": {
        "node": ">=14"
      }
    },
    "node_modules/@opentelemetry/sdk-trace-node": {
      "version": "1.12.0",
      "license": "Apache-2.0",
      "dependencies": {
        "@opentelemetry/context-async-hooks": "1.12.0",
        "@opentelemetry/core": "1.12.0",
        "@opentelemetry/propagator-b3": "1.12.0",
        "@opentelemetry/propagator-jaeger": "1.12.0",
        "@opentelemetry/sdk-trace-base": "1.12.0",
        "semver": "^7.3.5"
      },
      "engines": {
        "node": ">=14"
      },
      "peerDependencies": {
        "@opentelemetry/api": ">=1.0.0 <1.5.0"
      }
    },
    "node_modules/@opentelemetry/sdk-trace-node/node_modules/@opentelemetry/core": {
      "version": "1.12.0",
      "license": "Apache-2.0",
      "dependencies": {
        "@opentelemetry/semantic-conventions": "1.12.0"
      },
      "engines": {
        "node": ">=14"
      },
      "peerDependencies": {
        "@opentelemetry/api": ">=1.0.0 <1.5.0"
      }
    },
    "node_modules/@opentelemetry/sdk-trace-node/node_modules/@opentelemetry/resources": {
      "version": "1.12.0",
      "license": "Apache-2.0",
      "dependencies": {
        "@opentelemetry/core": "1.12.0",
        "@opentelemetry/semantic-conventions": "1.12.0"
      },
      "engines": {
        "node": ">=14"
      },
      "peerDependencies": {
        "@opentelemetry/api": ">=1.0.0 <1.5.0"
      }
    },
    "node_modules/@opentelemetry/sdk-trace-node/node_modules/@opentelemetry/sdk-trace-base": {
      "version": "1.12.0",
      "license": "Apache-2.0",
      "dependencies": {
        "@opentelemetry/core": "1.12.0",
        "@opentelemetry/resources": "1.12.0",
        "@opentelemetry/semantic-conventions": "1.12.0"
      },
      "engines": {
        "node": ">=14"
      },
      "peerDependencies": {
        "@opentelemetry/api": ">=1.0.0 <1.5.0"
      }
    },
    "node_modules/@opentelemetry/semantic-conventions": {
      "version": "1.12.0",
      "license": "Apache-2.0",
      "engines": {
        "node": ">=14"
      }
    },
    "node_modules/@submodule/core": {
      "version": "1.1.1",
      "license": "MIT",
      "dependencies": {
        "@opentelemetry/api": ">=1.0.0 <1.4.0",
        "@opentelemetry/exporter-trace-otlp-http": "^0.34.0",
        "@opentelemetry/resource-detector-docker": "^0.1.2",
        "@opentelemetry/resources": "^1.8.0",
        "@opentelemetry/sdk-trace-base": "^1.8.0",
        "@opentelemetry/sdk-trace-node": "^1.8.0",
        "@opentelemetry/semantic-conventions": "^1.8.0",
        "debug": "^4.3.4",
        "ts-toolbelt": "^9.6.0",
        "zod": "^3.20.2"
      },
      "engines": {
        "node": ">=16.0.0"
      }
    },
    "node_modules/@submodule/core/node_modules/@opentelemetry/core": {
      "version": "1.12.0",
      "license": "Apache-2.0",
      "dependencies": {
        "@opentelemetry/semantic-conventions": "1.12.0"
      },
      "engines": {
        "node": ">=14"
      },
      "peerDependencies": {
        "@opentelemetry/api": ">=1.0.0 <1.5.0"
      }
    },
    "node_modules/@submodule/core/node_modules/@opentelemetry/resources": {
      "version": "1.12.0",
      "license": "Apache-2.0",
      "dependencies": {
        "@opentelemetry/core": "1.12.0",
        "@opentelemetry/semantic-conventions": "1.12.0"
      },
      "engines": {
        "node": ">=14"
      },
      "peerDependencies": {
        "@opentelemetry/api": ">=1.0.0 <1.5.0"
      }
    },
    "node_modules/@submodule/core/node_modules/@opentelemetry/sdk-trace-base": {
      "version": "1.12.0",
      "license": "Apache-2.0",
      "dependencies": {
        "@opentelemetry/core": "1.12.0",
        "@opentelemetry/resources": "1.12.0",
        "@opentelemetry/semantic-conventions": "1.12.0"
      },
      "engines": {
        "node": ">=14"
      },
      "peerDependencies": {
        "@opentelemetry/api": ">=1.0.0 <1.5.0"
      }
    },
    "node_modules/@types/node": {
      "version": "18.16.3",
      "dev": true,
      "license": "MIT"
    },
    "node_modules/buffer-from": {
      "version": "1.1.2",
      "license": "MIT"
    },
    "node_modules/debug": {
      "version": "4.3.4",
      "license": "MIT",
      "dependencies": {
        "ms": "2.1.2"
      },
      "engines": {
        "node": ">=6.0"
      },
      "peerDependenciesMeta": {
        "supports-color": {
          "optional": true
        }
      }
    },
    "node_modules/esbuild": {
      "version": "0.17.18",
      "hasInstallScript": true,
      "license": "MIT",
      "bin": {
        "esbuild": "bin/esbuild"
      },
      "engines": {
        "node": ">=12"
      },
      "optionalDependencies": {
        "@esbuild/android-arm": "0.17.18",
        "@esbuild/android-arm64": "0.17.18",
        "@esbuild/android-x64": "0.17.18",
        "@esbuild/darwin-arm64": "0.17.18",
        "@esbuild/darwin-x64": "0.17.18",
        "@esbuild/freebsd-arm64": "0.17.18",
        "@esbuild/freebsd-x64": "0.17.18",
        "@esbuild/linux-arm": "0.17.18",
        "@esbuild/linux-arm64": "0.17.18",
        "@esbuild/linux-ia32": "0.17.18",
        "@esbuild/linux-loong64": "0.17.18",
        "@esbuild/linux-mips64el": "0.17.18",
        "@esbuild/linux-ppc64": "0.17.18",
        "@esbuild/linux-riscv64": "0.17.18",
        "@esbuild/linux-s390x": "0.17.18",
        "@esbuild/linux-x64": "0.17.18",
        "@esbuild/netbsd-x64": "0.17.18",
        "@esbuild/openbsd-x64": "0.17.18",
        "@esbuild/sunos-x64": "0.17.18",
        "@esbuild/win32-arm64": "0.17.18",
        "@esbuild/win32-ia32": "0.17.18",
        "@esbuild/win32-x64": "0.17.18"
      }
    },
    "node_modules/get-tsconfig": {
      "version": "4.5.0",
      "license": "MIT",
      "funding": {
        "url": "https://github.com/privatenumber/get-tsconfig?sponsor=1"
      }
    },
    "node_modules/lodash.merge": {
      "version": "4.6.2",
      "license": "MIT"
    },
    "node_modules/lru-cache": {
      "version": "6.0.0",
      "license": "ISC",
      "dependencies": {
        "yallist": "^4.0.0"
      },
      "engines": {
        "node": ">=10"
      }
    },
    "node_modules/ms": {
      "version": "2.1.2",
      "license": "MIT"
    },
    "node_modules/semver": {
      "version": "7.5.0",
      "license": "ISC",
      "dependencies": {
        "lru-cache": "^6.0.0"
      },
      "bin": {
        "semver": "bin/semver.js"
      },
      "engines": {
        "node": ">=10"
      }
    },
    "node_modules/source-map": {
      "version": "0.6.1",
      "license": "BSD-3-Clause",
      "engines": {
        "node": ">=0.10.0"
      }
    },
    "node_modules/source-map-support": {
      "version": "0.5.21",
      "license": "MIT",
      "dependencies": {
        "buffer-from": "^1.0.0",
        "source-map": "^0.6.0"
      }
    },
    "node_modules/ts-toolbelt": {
      "version": "9.6.0",
      "license": "Apache-2.0"
    },
    "node_modules/tsx": {
      "version": "3.12.7",
      "license": "MIT",
      "dependencies": {
        "@esbuild-kit/cjs-loader": "^2.4.2",
        "@esbuild-kit/core-utils": "^3.0.0",
        "@esbuild-kit/esm-loader": "^2.5.5"
      },
      "bin": {
        "tsx": "dist/cli.js"
      },
      "optionalDependencies": {
        "fsevents": "~2.3.2"
      }
    },
    "node_modules/yallist": {
      "version": "4.0.0",
      "license": "ISC"
    },
    "node_modules/zod": {
      "version": "3.21.4",
      "license": "MIT",
      "funding": {
        "url": "https://github.com/sponsors/colinhacks"
      }
    }
  }
}
